
Microsoft Visual Studio Solution File, Format Version 12.00
# Visual Studio Version 16
VisualStudioVersion = 16.0.30711.63
MinimumVisualStudioVersion = 10.0.40219.1
Project("{8BC9CEB8-8B4A-11D0-8D11-00A0C91BC942}") = "NUm1", "NUm1\NUm1.vcxproj", "{200D0990-365A-4D65-97DE-31F19531A0A2}"
EndProject
Project("{8BC9CEB8-8B4A-11D0-8D11-00A0C91BC942}") = "Num2", "Num2\Num2.vcxproj", "{63787A93-594B-4DDC-832D-472B8482BA65}"
EndProject
Project("{8BC9CEB8-8B4A-11D0-8D11-00A0C91BC942}") = "Num3", "Num3\Num3.vcxproj", "{A3502EA4-F5A6-4D8E-BD9E-54DDDB6D81DB}"
EndProject
Project("{8BC9CEB8-8B4A-11D0-8D11-00A0C91BC942}") = "Num4", "Num4\Num4.vcxproj", "{15199FF7-34B7-45B4-8B47-C64F42164EFA}"
EndProject
Project("{8BC9CEB8-8B4A-11D0-8D11-00A0C91BC942}") = "Num5", "Num5\Num5.vcxproj", "{17E1CD2B-C1B7-46A3-AEEC-7E0D9E7ED207}"
EndProject
Project("{8BC9CEB8-8B4A-11D0-8D11-00A0C91BC942}") = "Num6", "Num6\Num6.vcxproj", "{2516B8C3-7A75-4E20-9958-BE0989A75068}"
EndProject
Global
	GlobalSection(SolutionConfigurationPlatforms) = preSolution
		Debug|x64 = Debug|x64
		Debug|x86 = Debug|x86
		Release|x64 = Release|x64
		Release|x86 = Release|x86
	EndGlobalSection
	GlobalSection(ProjectConfigurationPlatforms) = postSolution
		{200D0990-365A-4D65-97DE-31F19531A0A2}.Debug|x64.ActiveCfg = Debug|x64
		{200D0990-365A-4D65-97DE-31F19531A0A2}.Debug|x64.Build.0 = Debug|x64
		{200D0990-365A-4D65-97DE-31F19531A0A2}.Debug|x86.ActiveCfg = Debug|Win32
		{200D0990-365A-4D65-97DE-31F19531A0A2}.Debug|x86.Build.0 = Debug|Win32
		{200D0990-365A-4D65-97DE-31F19531A0A2}.Release|x64.ActiveCfg = Release|x64
		{200D0990-365A-4D65-97DE-31F19531A0A2}.Release|x64.Build.0 = Release|x64
		{200D0990-365A-4D65-97DE-31F19531A0A2}.Release|x86.ActiveCfg = Release|Win32
		{200D0990-365A-4D65-97DE-31F19531A0A2}.Release|x86.Build.0 = Release|Win32
		{63787A93-594B-4DDC-832D-472B8482BA65}.Debug|x64.ActiveCfg = Debug|x64
		{63787A93-594B-4DDC-832D-472B8482BA65}.Debug|x64.Build.0 = Debug|x64
		{63787A93-594B-4DDC-832D-472B8482BA65}.Debug|x86.ActiveCfg = Debug|Win32
		{63787A93-594B-4DDC-832D-472B8482BA65}.Debug|x86.Build.0 = Debug|Win32
		{63787A93-594B-4DDC-832D-472B8482BA65}.Release|x64.ActiveCfg = Release|x64
		{63787A93-594B-4DDC-832D-472B8482BA65}.Release|x64.Build.0 = Release|x64
		{63787A93-594B-4DDC-832D-472B8482BA65}.Release|x86.ActiveCfg = Release|Win32
		{63787A93-594B-4DDC-832D-472B8482BA65}.Release|x86.Build.0 = Release|Win32
		{A3502EA4-F5A6-4D8E-BD9E-54DDDB6D81DB}.Debug|x64.ActiveCfg = Debug|x64
		{A3502EA4-F5A6-4D8E-BD9E-54DDDB6D81DB}.Debug|x64.Build.0 = Debug|x64
		{A3502EA4-F5A6-4D8E-BD9E-54DDDB6D81DB}.Debug|x86.ActiveCfg = Debug|Win32
		{A3502EA4-F5A6-4D8E-BD9E-54DDDB6D81DB}.Debug|x86.Build.0 = Debug|Win32
		{A3502EA4-F5A6-4D8E-BD9E-54DDDB6D81DB}.Release|x64.ActiveCfg = Release|x64
		{A3502EA4-F5A6-4D8E-BD9E-54DDDB6D81DB}.Release|x64.Build.0 = Release|x64
		{A3502EA4-F5A6-4D8E-BD9E-54DDDB6D81DB}.Release|x86.ActiveCfg = Release|Win32
		{A3502EA4-F5A6-4D8E-BD9E-54DDDB6D81DB}.Release|x86.Build.0 = Release|Win32
		{15199FF7-34B7-45B4-8B47-C64F42164EFA}.Debug|x64.ActiveCfg = Debug|x64
		{15199FF7-34B7-45B4-8B47-C64F42164EFA}.Debug|x64.Build.0 = Debug|x64
		{15199FF7-34B7-45B4-8B47-C64F42164EFA}.Debug|x86.ActiveCfg = Debug|Win32
		{15199FF7-34B7-45B4-8B47-C64F42164EFA}.Debug|x86.Build.0 = Debug|Win32
		{15199FF7-34B7-45B4-8B47-C64F42164EFA}.Release|x64.ActiveCfg = Release|x64
		{15199FF7-34B7-45B4-8B47-C64F42164EFA}.Release|x64.Build.0 = Release|x64
		{15199FF7-34B7-45B4-8B47-C64F42164EFA}.Release|x86.ActiveCfg = Release|Win32
		{15199FF7-34B7-45B4-8B47-C64F42164EFA}.Release|x86.Build.0 = Release|Win32
		{17E1CD2B-C1B7-46A3-AEEC-7E0D9E7ED207}.Debug|x64.ActiveCfg = Debug|x64
		{17E1CD2B-C1B7-46A3-AEEC-7E0D9E7ED207}.Debug|x64.Build.0 = Debug|x64
		{17E1CD2B-C1B7-46A3-AEEC-7E0D9E7ED207}.Debug|x86.ActiveCfg = Debug|Win32
		{17E1CD2B-C1B7-46A3-AEEC-7E0D9E7ED207}.Debug|x86.Build.0 = Debug|Win32
		{17E1CD2B-C1B7-46A3-AEEC-7E0D9E7ED207}.Release|x64.ActiveCfg = Release|x64
		{17E1CD2B-C1B7-46A3-AEEC-7E0D9E7ED207}.Release|x64.Build.0 = Release|x64
		{17E1CD2B-C1B7-46A3-AEEC-7E0D9E7ED207}.Release|x86.ActiveCfg = Release|Win32
		{17E1CD2B-C1B7-46A3-AEEC-7E0D9E7ED207}.Release|x86.Build.0 = Release|Win32
		{2516B8C3-7A75-4E20-9958-BE0989A75068}.Debug|x64.ActiveCfg = Debug|x64
		{2516B8C3-7A75-4E20-9958-BE0989A75068}.Debug|x64.Build.0 = Debug|x64
		{2516B8C3-7A75-4E20-9958-BE0989A75068}.Debug|x86.ActiveCfg = Debug|Win32
		{2516B8C3-7A75-4E20-9958-BE0989A75068}.Debug|x86.Build.0 = Debug|Win32
		{2516B8C3-7A75-4E20-9958-BE0989A75068}.Release|x64.ActiveCfg = Release|x64
		{2516B8C3-7A75-4E20-9958-BE0989A75068}.Release|x64.Build.0 = Release|x64
		{2516B8C3-7A75-4E20-9958-BE0989A75068}.Release|x86.ActiveCfg = Release|Win32
		{2516B8C3-7A75-4E20-9958-BE0989A75068}.Release|x86.Build.0 = Release|Win32
	EndGlobalSection
	GlobalSection(SolutionProperties) = preSolution
		HideSolutionNode = FALSE
	EndGlobalSection
	GlobalSection(ExtensibilityGlobals) = postSolution
		SolutionGuid = {62F4ACDB-85AC-4015-AE71-A78809AA5038}
	EndGlobalSection
EndGlobal
